
Microsoft Visual Studio Solution File, Format Version 12.00
# Visual Studio Version 17
VisualStudioVersion = 17.0.31903.59
MinimumVisualStudioVersion = 10.0.40219.1
Project("{FAE04EC0-301F-11D3-BF4B-00C04F79EFBC}") = "UserService", "UserService\UserService.csproj", "{5BBD5ABB-CF79-4239-B5D3-D9810B6E822F}"
EndProject
Project("{FAE04EC0-301F-11D3-BF4B-00C04F79EFBC}") = "ProductService", "ProductService\ProductService.csproj", "{F190D81D-1787-4C9A-A976-A05B2CD7A831}"
EndProject
Project("{FAE04EC0-301F-11D3-BF4B-00C04F79EFBC}") = "OrderService", "OrderService\OrderService.csproj", "{77DDD2F4-8335-4ED2-ADA9-C4BD11604989}"
EndProject
Global
	GlobalSection(SolutionConfigurationPlatforms) = preSolution
		Debug|Any CPU = Debug|Any CPU
		Release|Any CPU = Release|Any CPU
	EndGlobalSection
	GlobalSection(SolutionProperties) = preSolution
		HideSolutionNode = FALSE
	EndGlobalSection
	GlobalSection(ProjectConfigurationPlatforms) = postSolution
		{5BBD5ABB-CF79-4239-B5D3-D9810B6E822F}.Debug|Any CPU.ActiveCfg = Debug|Any CPU
		{5BBD5ABB-CF79-4239-B5D3-D9810B6E822F}.Debug|Any CPU.Build.0 = Debug|Any CPU
		{5BBD5ABB-CF79-4239-B5D3-D9810B6E822F}.Release|Any CPU.ActiveCfg = Release|Any CPU
		{5BBD5ABB-CF79-4239-B5D3-D9810B6E822F}.Release|Any CPU.Build.0 = Release|Any CPU
		{F190D81D-1787-4C9A-A976-A05B2CD7A831}.Debug|Any CPU.ActiveCfg = Debug|Any CPU
		{F190D81D-1787-4C9A-A976-A05B2CD7A831}.Debug|Any CPU.Build.0 = Debug|Any CPU
		{F190D81D-1787-4C9A-A976-A05B2CD7A831}.Release|Any CPU.ActiveCfg = Release|Any CPU
		{F190D81D-1787-4C9A-A976-A05B2CD7A831}.Release|Any CPU.Build.0 = Release|Any CPU
		{77DDD2F4-8335-4ED2-ADA9-C4BD11604989}.Debug|Any CPU.ActiveCfg = Debug|Any CPU
		{77DDD2F4-8335-4ED2-ADA9-C4BD11604989}.Debug|Any CPU.Build.0 = Debug|Any CPU
		{77DDD2F4-8335-4ED2-ADA9-C4BD11604989}.Release|Any CPU.ActiveCfg = Release|Any CPU
		{77DDD2F4-8335-4ED2-ADA9-C4BD11604989}.Release|Any CPU.Build.0 = Release|Any CPU
	EndGlobalSection
EndGlobal
